
Microsoft Visual Studio Solution File, Format Version 12.00
# Visual Studio Version 17
VisualStudioVersion = 17.1.32319.34
MinimumVisualStudioVersion = 10.0.40219.1
Project("{FAE04EC0-301F-11D3-BF4B-00C04F79EFBC}") = "WeekScheduler", "WeekScheduler\WeekScheduler.csproj", "{ECDD35B7-4213-40B6-A575-70551228A626}"
EndProject
Project("{FAE04EC0-301F-11D3-BF4B-00C04F79EFBC}") = "TestingWeekPlanetForm", "TestingWeekPlanetForm\TestingWeekPlanetForm.csproj", "{06127B2A-5AEB-4B8A-8CD3-AB4920983827}"
EndProject
Global
	GlobalSection(SolutionConfigurationPlatforms) = preSolution
		Debug|Any CPU = Debug|Any CPU
		Release|Any CPU = Release|Any CPU
	EndGlobalSection
	GlobalSection(ProjectConfigurationPlatforms) = postSolution
		{ECDD35B7-4213-40B6-A575-70551228A626}.Debug|Any CPU.ActiveCfg = Debug|Any CPU
		{ECDD35B7-4213-40B6-A575-70551228A626}.Debug|Any CPU.Build.0 = Debug|Any CPU
		{ECDD35B7-4213-40B6-A575-70551228A626}.Release|Any CPU.ActiveCfg = Release|Any CPU
		{ECDD35B7-4213-40B6-A575-70551228A626}.Release|Any CPU.Build.0 = Release|Any CPU
		{06127B2A-5AEB-4B8A-8CD3-AB4920983827}.Debug|Any CPU.ActiveCfg = Debug|Any CPU
		{06127B2A-5AEB-4B8A-8CD3-AB4920983827}.Debug|Any CPU.Build.0 = Debug|Any CPU
		{06127B2A-5AEB-4B8A-8CD3-AB4920983827}.Release|Any CPU.ActiveCfg = Release|Any CPU
		{06127B2A-5AEB-4B8A-8CD3-AB4920983827}.Release|Any CPU.Build.0 = Release|Any CPU
	EndGlobalSection
	GlobalSection(SolutionProperties) = preSolution
		HideSolutionNode = FALSE
	EndGlobalSection
	GlobalSection(ExtensibilityGlobals) = postSolution
		SolutionGuid = {38405200-BF66-4112-8B04-AD58F3D4295D}
	EndGlobalSection
EndGlobal
